
Microsoft Visual Studio Solution File, Format Version 12.00
# Visual Studio Version 17
VisualStudioVersion = 17.8.34330.188
MinimumVisualStudioVersion = 10.0.40219.1
Project("{FAE04EC0-301F-11D3-BF4B-00C04F79EFBC}") = "MyInstruments", "MyInstruments\MyInstruments.csproj", "{9A055DBE-AEEF-49E2-90C3-3171EDE02140}"
EndProject
Global
	GlobalSection(SolutionConfigurationPlatforms) = preSolution
		Debug|Any CPU = Debug|Any CPU
		Release|Any CPU = Release|Any CPU
	EndGlobalSection
	GlobalSection(ProjectConfigurationPlatforms) = postSolution
		{9A055DBE-AEEF-49E2-90C3-3171EDE02140}.Debug|Any CPU.ActiveCfg = Debug|Any CPU
		{9A055DBE-AEEF-49E2-90C3-3171EDE02140}.Debug|Any CPU.Build.0 = Debug|Any CPU
		{9A055DBE-AEEF-49E2-90C3-3171EDE02140}.Release|Any CPU.ActiveCfg = Release|Any CPU
		{9A055DBE-AEEF-49E2-90C3-3171EDE02140}.Release|Any CPU.Build.0 = Release|Any CPU
	EndGlobalSection
	GlobalSection(SolutionProperties) = preSolution
		HideSolutionNode = FALSE
	EndGlobalSection
	GlobalSection(ExtensibilityGlobals) = postSolution
		SolutionGuid = {D56DF575-881B-43B0-972F-A5EA919B0347}
	EndGlobalSection
EndGlobal
